
Microsoft Visual Studio Solution File, Format Version 12.00
# Visual Studio Version 16
VisualStudioVersion = 16.0.31702.278
MinimumVisualStudioVersion = 10.0.40219.1
Project("{FAE04EC0-301F-11D3-BF4B-00C04F79EFBC}") = "PermaPlatformer", "PermaPlatformer.csproj", "{84650D82-348C-4CBD-BC3B-4AA6F7B7CE9A}"
EndProject
Global
	GlobalSection(SolutionConfigurationPlatforms) = preSolution
		Debug|Any CPU = Debug|Any CPU
		Release|Any CPU = Release|Any CPU
	EndGlobalSection
	GlobalSection(ProjectConfigurationPlatforms) = postSolution
		{84650D82-348C-4CBD-BC3B-4AA6F7B7CE9A}.Debug|Any CPU.ActiveCfg = Debug|Any CPU
		{84650D82-348C-4CBD-BC3B-4AA6F7B7CE9A}.Debug|Any CPU.Build.0 = Debug|Any CPU
		{84650D82-348C-4CBD-BC3B-4AA6F7B7CE9A}.Release|Any CPU.ActiveCfg = Release|Any CPU
		{84650D82-348C-4CBD-BC3B-4AA6F7B7CE9A}.Release|Any CPU.Build.0 = Release|Any CPU
	EndGlobalSection
	GlobalSection(SolutionProperties) = preSolution
		HideSolutionNode = FALSE
	EndGlobalSection
	GlobalSection(ExtensibilityGlobals) = postSolution
		SolutionGuid = {BC9BBE4E-E62C-4314-A12A-F0272DE44AB7}
	EndGlobalSection
EndGlobal
